
Microsoft Visual Studio Solution File, Format Version 12.00
# Visual Studio 15
VisualStudioVersion = 15.0.26430.12
MinimumVisualStudioVersion = 10.0.40219.1
Project("{FAE04EC0-301F-11D3-BF4B-00C04F79EFBC}") = "RootDrivingChallenge", "RootDrivingChallenge\RootDrivingChallenge.csproj", "{E35FE355-42F2-4857-8984-86609D1E9A3D}"
EndProject
Project("{FAE04EC0-301F-11D3-BF4B-00C04F79EFBC}") = "Tests", "Tests\Tests.csproj", "{5FA6081E-E986-4171-89A4-06EF073E0423}"
EndProject
Global
	GlobalSection(SolutionConfigurationPlatforms) = preSolution
		Debug|Any CPU = Debug|Any CPU
		Release|Any CPU = Release|Any CPU
	EndGlobalSection
	GlobalSection(ProjectConfigurationPlatforms) = postSolution
		{E35FE355-42F2-4857-8984-86609D1E9A3D}.Debug|Any CPU.ActiveCfg = Debug|Any CPU
		{E35FE355-42F2-4857-8984-86609D1E9A3D}.Debug|Any CPU.Build.0 = Debug|Any CPU
		{E35FE355-42F2-4857-8984-86609D1E9A3D}.Release|Any CPU.ActiveCfg = Release|Any CPU
		{E35FE355-42F2-4857-8984-86609D1E9A3D}.Release|Any CPU.Build.0 = Release|Any CPU
		{5FA6081E-E986-4171-89A4-06EF073E0423}.Debug|Any CPU.ActiveCfg = Debug|Any CPU
		{5FA6081E-E986-4171-89A4-06EF073E0423}.Debug|Any CPU.Build.0 = Debug|Any CPU
		{5FA6081E-E986-4171-89A4-06EF073E0423}.Release|Any CPU.ActiveCfg = Release|Any CPU
		{5FA6081E-E986-4171-89A4-06EF073E0423}.Release|Any CPU.Build.0 = Release|Any CPU
	EndGlobalSection
	GlobalSection(SolutionProperties) = preSolution
		HideSolutionNode = FALSE
	EndGlobalSection
EndGlobal
